
Microsoft Visual Studio Solution File, Format Version 12.00
# Visual Studio Version 16
VisualStudioVersion = 16.0.31129.286
MinimumVisualStudioVersion = 10.0.40219.1
Project("{FAE04EC0-301F-11D3-BF4B-00C04F79EFBC}") = "CSBasic2", "CSBasic2\CSBasic2.csproj", "{80A725E9-54F6-44B4-A8C7-416F1DE5F3EF}"
EndProject
Global
	GlobalSection(SolutionConfigurationPlatforms) = preSolution
		Debug|Any CPU = Debug|Any CPU
		Release|Any CPU = Release|Any CPU
	EndGlobalSection
	GlobalSection(ProjectConfigurationPlatforms) = postSolution
		{80A725E9-54F6-44B4-A8C7-416F1DE5F3EF}.Debug|Any CPU.ActiveCfg = Debug|Any CPU
		{80A725E9-54F6-44B4-A8C7-416F1DE5F3EF}.Debug|Any CPU.Build.0 = Debug|Any CPU
		{80A725E9-54F6-44B4-A8C7-416F1DE5F3EF}.Release|Any CPU.ActiveCfg = Release|Any CPU
		{80A725E9-54F6-44B4-A8C7-416F1DE5F3EF}.Release|Any CPU.Build.0 = Release|Any CPU
	EndGlobalSection
	GlobalSection(SolutionProperties) = preSolution
		HideSolutionNode = FALSE
	EndGlobalSection
	GlobalSection(ExtensibilityGlobals) = postSolution
		SolutionGuid = {A0A65B90-E0E6-4156-B246-14BA45A7D024}
	EndGlobalSection
EndGlobal
