
Microsoft Visual Studio Solution File, Format Version 12.00
# Visual Studio Version 16
VisualStudioVersion = 16.0.31129.286
MinimumVisualStudioVersion = 10.0.40219.1
Project("{FAE04EC0-301F-11D3-BF4B-00C04F79EFBC}") = "CSBasic3", "CSBasic3\CSBasic3.csproj", "{20990E46-4652-440A-9024-FF66B9663BF8}"
EndProject
Global
	GlobalSection(SolutionConfigurationPlatforms) = preSolution
		Debug|Any CPU = Debug|Any CPU
		Release|Any CPU = Release|Any CPU
	EndGlobalSection
	GlobalSection(ProjectConfigurationPlatforms) = postSolution
		{20990E46-4652-440A-9024-FF66B9663BF8}.Debug|Any CPU.ActiveCfg = Debug|Any CPU
		{20990E46-4652-440A-9024-FF66B9663BF8}.Debug|Any CPU.Build.0 = Debug|Any CPU
		{20990E46-4652-440A-9024-FF66B9663BF8}.Release|Any CPU.ActiveCfg = Release|Any CPU
		{20990E46-4652-440A-9024-FF66B9663BF8}.Release|Any CPU.Build.0 = Release|Any CPU
	EndGlobalSection
	GlobalSection(SolutionProperties) = preSolution
		HideSolutionNode = FALSE
	EndGlobalSection
	GlobalSection(ExtensibilityGlobals) = postSolution
		SolutionGuid = {10D55E89-0FFE-46AE-A6B6-49FBCF810969}
	EndGlobalSection
EndGlobal
