
Microsoft Visual Studio Solution File, Format Version 12.00
# Visual Studio Version 16
VisualStudioVersion = 16.0.31402.337
MinimumVisualStudioVersion = 10.0.40219.1
Project("{FAE04EC0-301F-11D3-BF4B-00C04F79EFBC}") = "CSBasic5", "CSBasic5\CSBasic5.csproj", "{B6E30DBE-B2D7-4263-AA84-9F759ED61093}"
EndProject
Global
	GlobalSection(SolutionConfigurationPlatforms) = preSolution
		Debug|Any CPU = Debug|Any CPU
		Release|Any CPU = Release|Any CPU
	EndGlobalSection
	GlobalSection(ProjectConfigurationPlatforms) = postSolution
		{B6E30DBE-B2D7-4263-AA84-9F759ED61093}.Debug|Any CPU.ActiveCfg = Debug|Any CPU
		{B6E30DBE-B2D7-4263-AA84-9F759ED61093}.Debug|Any CPU.Build.0 = Debug|Any CPU
		{B6E30DBE-B2D7-4263-AA84-9F759ED61093}.Release|Any CPU.ActiveCfg = Release|Any CPU
		{B6E30DBE-B2D7-4263-AA84-9F759ED61093}.Release|Any CPU.Build.0 = Release|Any CPU
	EndGlobalSection
	GlobalSection(SolutionProperties) = preSolution
		HideSolutionNode = FALSE
	EndGlobalSection
	GlobalSection(ExtensibilityGlobals) = postSolution
		SolutionGuid = {2C53E3FC-A400-4ED0-9C36-5F0969E143D5}
	EndGlobalSection
EndGlobal
